
Microsoft Visual Studio Solution File, Format Version 12.00
# Visual Studio Version 16
VisualStudioVersion = 16.0.30907.101
MinimumVisualStudioVersion = 10.0.40219.1
Project("{FAE04EC0-301F-11D3-BF4B-00C04F79EFBC}") = "AgilParc", "AgilParc\AgilParc.csproj", "{9643771C-0176-4FFE-B891-F83F15F70A6A}"
EndProject
Global
	GlobalSection(SolutionConfigurationPlatforms) = preSolution
		Debug|Any CPU = Debug|Any CPU
		Release|Any CPU = Release|Any CPU
	EndGlobalSection
	GlobalSection(ProjectConfigurationPlatforms) = postSolution
		{9643771C-0176-4FFE-B891-F83F15F70A6A}.Debug|Any CPU.ActiveCfg = Debug|Any CPU
		{9643771C-0176-4FFE-B891-F83F15F70A6A}.Debug|Any CPU.Build.0 = Debug|Any CPU
		{9643771C-0176-4FFE-B891-F83F15F70A6A}.Release|Any CPU.ActiveCfg = Release|Any CPU
		{9643771C-0176-4FFE-B891-F83F15F70A6A}.Release|Any CPU.Build.0 = Release|Any CPU
	EndGlobalSection
	GlobalSection(SolutionProperties) = preSolution
		HideSolutionNode = FALSE
	EndGlobalSection
	GlobalSection(ExtensibilityGlobals) = postSolution
		SolutionGuid = {2B182007-7711-4350-8C69-EBACDEA2D28B}
	EndGlobalSection
EndGlobal
